
Microsoft Visual Studio Solution File, Format Version 12.00
# Visual Studio 15
VisualStudioVersion = 15.0.28010.2046
MinimumVisualStudioVersion = 10.0.40219.1
Project("{FAE04EC0-301F-11D3-BF4B-00C04F79EFBC}") = "RedTool", "RedTool\RedTool.csproj", "{495E6645-756D-41DD-B238-1D560CB29F87}"
EndProject
Global
	GlobalSection(SolutionConfigurationPlatforms) = preSolution
		Debug|Any CPU = Debug|Any CPU
		Release|Any CPU = Release|Any CPU
	EndGlobalSection
	GlobalSection(ProjectConfigurationPlatforms) = postSolution
		{495E6645-756D-41DD-B238-1D560CB29F87}.Debug|Any CPU.ActiveCfg = Debug|Any CPU
		{495E6645-756D-41DD-B238-1D560CB29F87}.Debug|Any CPU.Build.0 = Debug|Any CPU
		{495E6645-756D-41DD-B238-1D560CB29F87}.Release|Any CPU.ActiveCfg = Release|Any CPU
		{495E6645-756D-41DD-B238-1D560CB29F87}.Release|Any CPU.Build.0 = Release|Any CPU
	EndGlobalSection
	GlobalSection(SolutionProperties) = preSolution
		HideSolutionNode = FALSE
	EndGlobalSection
	GlobalSection(ExtensibilityGlobals) = postSolution
		SolutionGuid = {C4ACAEC0-2C6D-4C0D-A3EA-99F22C9EFAD3}
	EndGlobalSection
EndGlobal
